
Microsoft Visual Studio Solution File, Format Version 12.00
# Visual Studio 15
VisualStudioVersion = 15.0.33529.398
MinimumVisualStudioVersion = 10.0.40219.1
Project("{FAE04EC0-301F-11D3-BF4B-00C04F79EFBC}") = "Universal Updater", "Universal Updater\Universal Updater.csproj", "{CEB6BEAA-FF2A-4E91-98EE-98F71870D822}"
EndProject
Global
	GlobalSection(SolutionConfigurationPlatforms) = preSolution
		Debug|Any CPU = Debug|Any CPU
		Release|Any CPU = Release|Any CPU
	EndGlobalSection
	GlobalSection(ProjectConfigurationPlatforms) = postSolution
		{CEB6BEAA-FF2A-4E91-98EE-98F71870D822}.Debug|Any CPU.ActiveCfg = Debug|Any CPU
		{CEB6BEAA-FF2A-4E91-98EE-98F71870D822}.Debug|Any CPU.Build.0 = Debug|Any CPU
		{CEB6BEAA-FF2A-4E91-98EE-98F71870D822}.Release|Any CPU.ActiveCfg = Release|Any CPU
		{CEB6BEAA-FF2A-4E91-98EE-98F71870D822}.Release|Any CPU.Build.0 = Release|Any CPU
	EndGlobalSection
	GlobalSection(SolutionProperties) = preSolution
		HideSolutionNode = FALSE
	EndGlobalSection
	GlobalSection(ExtensibilityGlobals) = postSolution
		SolutionGuid = {57720492-1CF5-44A3-8175-8D0B878F536B}
	EndGlobalSection
EndGlobal
